
Microsoft Visual Studio Solution File, Format Version 12.00
# Visual Studio Version 17
VisualStudioVersion = 17.8.34309.116
MinimumVisualStudioVersion = 10.0.40219.1
Project("{9A19103F-16F7-4668-BE54-9A1E7A4F7556}") = "GestionNominasV4", "GestionNominasV4\GestionNominasV4.csproj", "{464ACF4C-BB10-4BE0-98C0-82A2251B37BD}"
EndProject
Global
	GlobalSection(SolutionConfigurationPlatforms) = preSolution
		Debug|Any CPU = Debug|Any CPU
		Release|Any CPU = Release|Any CPU
	EndGlobalSection
	GlobalSection(ProjectConfigurationPlatforms) = postSolution
		{464ACF4C-BB10-4BE0-98C0-82A2251B37BD}.Debug|Any CPU.ActiveCfg = Debug|Any CPU
		{464ACF4C-BB10-4BE0-98C0-82A2251B37BD}.Debug|Any CPU.Build.0 = Debug|Any CPU
		{464ACF4C-BB10-4BE0-98C0-82A2251B37BD}.Release|Any CPU.ActiveCfg = Release|Any CPU
		{464ACF4C-BB10-4BE0-98C0-82A2251B37BD}.Release|Any CPU.Build.0 = Release|Any CPU
	EndGlobalSection
	GlobalSection(SolutionProperties) = preSolution
		HideSolutionNode = FALSE
	EndGlobalSection
	GlobalSection(ExtensibilityGlobals) = postSolution
		SolutionGuid = {9278E9BF-4E45-4EC1-B6B2-D8C821E202FD}
	EndGlobalSection
EndGlobal
